
Microsoft Visual Studio Solution File, Format Version 12.00
# Visual Studio 15
VisualStudioVersion = 15.0.28307.1738
MinimumVisualStudioVersion = 10.0.40219.1
Project("{FAE04EC0-301F-11D3-BF4B-00C04F79EFBC}") = "ClipBucket.UI.MVC", "ClipBucket.UI.MVC\ClipBucket.UI.MVC.csproj", "{01AA2D54-7702-4E98-A062-F213BB7F446A}"
EndProject
Project("{FAE04EC0-301F-11D3-BF4B-00C04F79EFBC}") = "ClipBucket.DATA.EF", "ClipBucket.DATA.EF\ClipBucket.DATA.EF.csproj", "{45A3D493-2E62-45CD-935C-D5ACBADF9276}"
EndProject
Project("{2150E333-8FDC-42A3-9474-1A3956D46DE8}") = "Solution Items", "Solution Items", "{E06E210B-65AC-436F-925A-F2737899AD00}"
	ProjectSection(SolutionItems) = preProject
		.gitignore = .gitignore
	EndProjectSection
EndProject
Global
	GlobalSection(SolutionConfigurationPlatforms) = preSolution
		Debug|Any CPU = Debug|Any CPU
		Release|Any CPU = Release|Any CPU
	EndGlobalSection
	GlobalSection(ProjectConfigurationPlatforms) = postSolution
		{01AA2D54-7702-4E98-A062-F213BB7F446A}.Debug|Any CPU.ActiveCfg = Debug|Any CPU
		{01AA2D54-7702-4E98-A062-F213BB7F446A}.Debug|Any CPU.Build.0 = Debug|Any CPU
		{01AA2D54-7702-4E98-A062-F213BB7F446A}.Release|Any CPU.ActiveCfg = Release|Any CPU
		{01AA2D54-7702-4E98-A062-F213BB7F446A}.Release|Any CPU.Build.0 = Release|Any CPU
		{45A3D493-2E62-45CD-935C-D5ACBADF9276}.Debug|Any CPU.ActiveCfg = Debug|Any CPU
		{45A3D493-2E62-45CD-935C-D5ACBADF9276}.Debug|Any CPU.Build.0 = Debug|Any CPU
		{45A3D493-2E62-45CD-935C-D5ACBADF9276}.Release|Any CPU.ActiveCfg = Release|Any CPU
		{45A3D493-2E62-45CD-935C-D5ACBADF9276}.Release|Any CPU.Build.0 = Release|Any CPU
	EndGlobalSection
	GlobalSection(SolutionProperties) = preSolution
		HideSolutionNode = FALSE
	EndGlobalSection
	GlobalSection(ExtensibilityGlobals) = postSolution
		SolutionGuid = {D81E2480-D768-4574-8357-9D3C75192659}
	EndGlobalSection
EndGlobal
